
Microsoft Visual Studio Solution File, Format Version 12.00
# Visual Studio Version 17
VisualStudioVersion = 17.4.33213.308
MinimumVisualStudioVersion = 10.0.40219.1
Project("{2150E333-8FDC-42A3-9474-1A3956D46DE8}") = "Solution Items", "Solution Items", "{FA68FCFA-4415-405F-A3D8-99369C9C156E}"
	ProjectSection(SolutionItems) = preProject
		.editorconfig = .editorconfig
		README.md = README.md
	EndProjectSection
EndProject
Project("{9A19103F-16F7-4668-BE54-9A1E7A4F7556}") = "Peter.Result", "src\Peter.Result\Peter.Result.csproj", "{7CC4072C-D5C1-4309-BF0A-EB415B04847E}"
EndProject
Project("{9A19103F-16F7-4668-BE54-9A1E7A4F7556}") = "Peter.Result.Tests", "tests\Peter.Result.Tests\Peter.Result.Tests.csproj", "{C8DC4922-5C27-452B-9716-DE4875AD4A4A}"
EndProject
Project("{9A19103F-16F7-4668-BE54-9A1E7A4F7556}") = "Peter.Result.MinimalApi", "src\Peter.Result.MinimalApi\Peter.Result.MinimalApi.csproj", "{F671B59B-89BB-431E-BC9B-D0212434EC10}"
EndProject
Project("{9A19103F-16F7-4668-BE54-9A1E7A4F7556}") = "Peter.MinimalApi", "src\Peter.MinimalApi\Peter.MinimalApi.csproj", "{C4D0B301-8700-4A12-B525-8AEE9AB1F5FF}"
EndProject
Project("{9A19103F-16F7-4668-BE54-9A1E7A4F7556}") = "Peter.MinimalApi.Tests", "tests\Peter.MinimalApi.Tests\Peter.MinimalApi.Tests.csproj", "{8BEE7814-A4BB-46B2-9D75-D2BD68A45F4C}"
EndProject
Project("{9A19103F-16F7-4668-BE54-9A1E7A4F7556}") = "Peter.MinimalApi.MediatR", "src\Peter.MinimalApi.MediatR\Peter.MinimalApi.MediatR.csproj", "{A719E25C-949D-4A29-8580-716BA51506A7}"
EndProject
Project("{2150E333-8FDC-42A3-9474-1A3956D46DE8}") = "Tests", "Tests", "{0C7BFE0D-0C79-4120-A522-2C90DD09DD26}"
EndProject
Project("{9A19103F-16F7-4668-BE54-9A1E7A4F7556}") = "Peter.Result.MinimalApi.Tests", "tests\Peter.Result.MinimalApi.Tests\Peter.Result.MinimalApi.Tests.csproj", "{0F17DD0C-160C-4612-B6D7-3CA50B8E3FEB}"
EndProject
Project("{9A19103F-16F7-4668-BE54-9A1E7A4F7556}") = "Peter.MinimalApi.MediatR.Tests", "tests\Peter.MinimalApi.MediatR.Tests\Peter.MinimalApi.MediatR.Tests.csproj", "{A777B684-748A-4E22-9BA5-9631A3011EDF}"
EndProject
Project("{9A19103F-16F7-4668-BE54-9A1E7A4F7556}") = "Api.Tests", "tests\Api.Tests\Api.Tests.csproj", "{DDC90053-E7CF-4023-B3A5-9347BBA326BC}"
EndProject
Project("{9A19103F-16F7-4668-BE54-9A1E7A4F7556}") = "Peter.All", "src\Peter.All\Peter.All.csproj", "{1A8AAE6F-B4BD-4184-8A95-DAB48CB2B3EB}"
EndProject
Project("{9A19103F-16F7-4668-BE54-9A1E7A4F7556}") = "Peter.MinimalApi.Testing", "src\Peter.MinimalApi.Testing\Peter.MinimalApi.Testing.csproj", "{44478E36-8C52-4D73-8249-6CE050A8CCD2}"
EndProject
Global
	GlobalSection(SolutionConfigurationPlatforms) = preSolution
		Debug|Any CPU = Debug|Any CPU
		Release|Any CPU = Release|Any CPU
	EndGlobalSection
	GlobalSection(ProjectConfigurationPlatforms) = postSolution
		{7CC4072C-D5C1-4309-BF0A-EB415B04847E}.Debug|Any CPU.ActiveCfg = Debug|Any CPU
		{7CC4072C-D5C1-4309-BF0A-EB415B04847E}.Debug|Any CPU.Build.0 = Debug|Any CPU
		{7CC4072C-D5C1-4309-BF0A-EB415B04847E}.Release|Any CPU.ActiveCfg = Release|Any CPU
		{7CC4072C-D5C1-4309-BF0A-EB415B04847E}.Release|Any CPU.Build.0 = Release|Any CPU
		{C8DC4922-5C27-452B-9716-DE4875AD4A4A}.Debug|Any CPU.ActiveCfg = Debug|Any CPU
		{C8DC4922-5C27-452B-9716-DE4875AD4A4A}.Debug|Any CPU.Build.0 = Debug|Any CPU
		{C8DC4922-5C27-452B-9716-DE4875AD4A4A}.Release|Any CPU.ActiveCfg = Release|Any CPU
		{C8DC4922-5C27-452B-9716-DE4875AD4A4A}.Release|Any CPU.Build.0 = Release|Any CPU
		{F671B59B-89BB-431E-BC9B-D0212434EC10}.Debug|Any CPU.ActiveCfg = Debug|Any CPU
		{F671B59B-89BB-431E-BC9B-D0212434EC10}.Debug|Any CPU.Build.0 = Debug|Any CPU
		{F671B59B-89BB-431E-BC9B-D0212434EC10}.Release|Any CPU.ActiveCfg = Release|Any CPU
		{F671B59B-89BB-431E-BC9B-D0212434EC10}.Release|Any CPU.Build.0 = Release|Any CPU
		{C4D0B301-8700-4A12-B525-8AEE9AB1F5FF}.Debug|Any CPU.ActiveCfg = Debug|Any CPU
		{C4D0B301-8700-4A12-B525-8AEE9AB1F5FF}.Debug|Any CPU.Build.0 = Debug|Any CPU
		{C4D0B301-8700-4A12-B525-8AEE9AB1F5FF}.Release|Any CPU.ActiveCfg = Release|Any CPU
		{C4D0B301-8700-4A12-B525-8AEE9AB1F5FF}.Release|Any CPU.Build.0 = Release|Any CPU
		{8BEE7814-A4BB-46B2-9D75-D2BD68A45F4C}.Debug|Any CPU.ActiveCfg = Debug|Any CPU
		{8BEE7814-A4BB-46B2-9D75-D2BD68A45F4C}.Debug|Any CPU.Build.0 = Debug|Any CPU
		{8BEE7814-A4BB-46B2-9D75-D2BD68A45F4C}.Release|Any CPU.ActiveCfg = Release|Any CPU
		{8BEE7814-A4BB-46B2-9D75-D2BD68A45F4C}.Release|Any CPU.Build.0 = Release|Any CPU
		{A719E25C-949D-4A29-8580-716BA51506A7}.Debug|Any CPU.ActiveCfg = Debug|Any CPU
		{A719E25C-949D-4A29-8580-716BA51506A7}.Debug|Any CPU.Build.0 = Debug|Any CPU
		{A719E25C-949D-4A29-8580-716BA51506A7}.Release|Any CPU.ActiveCfg = Release|Any CPU
		{A719E25C-949D-4A29-8580-716BA51506A7}.Release|Any CPU.Build.0 = Release|Any CPU
		{0F17DD0C-160C-4612-B6D7-3CA50B8E3FEB}.Debug|Any CPU.ActiveCfg = Debug|Any CPU
		{0F17DD0C-160C-4612-B6D7-3CA50B8E3FEB}.Debug|Any CPU.Build.0 = Debug|Any CPU
		{0F17DD0C-160C-4612-B6D7-3CA50B8E3FEB}.Release|Any CPU.ActiveCfg = Release|Any CPU
		{0F17DD0C-160C-4612-B6D7-3CA50B8E3FEB}.Release|Any CPU.Build.0 = Release|Any CPU
		{A777B684-748A-4E22-9BA5-9631A3011EDF}.Debug|Any CPU.ActiveCfg = Debug|Any CPU
		{A777B684-748A-4E22-9BA5-9631A3011EDF}.Debug|Any CPU.Build.0 = Debug|Any CPU
		{A777B684-748A-4E22-9BA5-9631A3011EDF}.Release|Any CPU.ActiveCfg = Release|Any CPU
		{A777B684-748A-4E22-9BA5-9631A3011EDF}.Release|Any CPU.Build.0 = Release|Any CPU
		{DDC90053-E7CF-4023-B3A5-9347BBA326BC}.Debug|Any CPU.ActiveCfg = Debug|Any CPU
		{DDC90053-E7CF-4023-B3A5-9347BBA326BC}.Debug|Any CPU.Build.0 = Debug|Any CPU
		{DDC90053-E7CF-4023-B3A5-9347BBA326BC}.Release|Any CPU.ActiveCfg = Release|Any CPU
		{DDC90053-E7CF-4023-B3A5-9347BBA326BC}.Release|Any CPU.Build.0 = Release|Any CPU
		{1A8AAE6F-B4BD-4184-8A95-DAB48CB2B3EB}.Debug|Any CPU.ActiveCfg = Debug|Any CPU
		{1A8AAE6F-B4BD-4184-8A95-DAB48CB2B3EB}.Debug|Any CPU.Build.0 = Debug|Any CPU
		{1A8AAE6F-B4BD-4184-8A95-DAB48CB2B3EB}.Release|Any CPU.ActiveCfg = Release|Any CPU
		{1A8AAE6F-B4BD-4184-8A95-DAB48CB2B3EB}.Release|Any CPU.Build.0 = Release|Any CPU
		{44478E36-8C52-4D73-8249-6CE050A8CCD2}.Debug|Any CPU.ActiveCfg = Debug|Any CPU
		{44478E36-8C52-4D73-8249-6CE050A8CCD2}.Debug|Any CPU.Build.0 = Debug|Any CPU
		{44478E36-8C52-4D73-8249-6CE050A8CCD2}.Release|Any CPU.ActiveCfg = Release|Any CPU
		{44478E36-8C52-4D73-8249-6CE050A8CCD2}.Release|Any CPU.Build.0 = Release|Any CPU
	EndGlobalSection
	GlobalSection(SolutionProperties) = preSolution
		HideSolutionNode = FALSE
	EndGlobalSection
	GlobalSection(NestedProjects) = preSolution
		{C8DC4922-5C27-452B-9716-DE4875AD4A4A} = {0C7BFE0D-0C79-4120-A522-2C90DD09DD26}
		{8BEE7814-A4BB-46B2-9D75-D2BD68A45F4C} = {0C7BFE0D-0C79-4120-A522-2C90DD09DD26}
		{0F17DD0C-160C-4612-B6D7-3CA50B8E3FEB} = {0C7BFE0D-0C79-4120-A522-2C90DD09DD26}
		{A777B684-748A-4E22-9BA5-9631A3011EDF} = {0C7BFE0D-0C79-4120-A522-2C90DD09DD26}
		{DDC90053-E7CF-4023-B3A5-9347BBA326BC} = {0C7BFE0D-0C79-4120-A522-2C90DD09DD26}
	EndGlobalSection
	GlobalSection(ExtensibilityGlobals) = postSolution
		SolutionGuid = {E2289E5B-CACD-4633-A317-613881819B9E}
	EndGlobalSection
EndGlobal
